
Microsoft Visual Studio Solution File, Format Version 12.00
# Visual Studio 15
VisualStudioVersion = 15.0.27130.2027
MinimumVisualStudioVersion = 10.0.40219.1
Project("{FAE04EC0-301F-11D3-BF4B-00C04F79EFBC}") = "TeamPowered", "TeamPowered\TeamPowered.csproj", "{9313CBE0-56E5-4229-B691-7F886CD2F66B}"
EndProject
Global
	GlobalSection(SolutionConfigurationPlatforms) = preSolution
		Debug|Any CPU = Debug|Any CPU
		Release|Any CPU = Release|Any CPU
	EndGlobalSection
	GlobalSection(ProjectConfigurationPlatforms) = postSolution
		{9313CBE0-56E5-4229-B691-7F886CD2F66B}.Debug|Any CPU.ActiveCfg = Debug|Any CPU
		{9313CBE0-56E5-4229-B691-7F886CD2F66B}.Debug|Any CPU.Build.0 = Debug|Any CPU
		{9313CBE0-56E5-4229-B691-7F886CD2F66B}.Release|Any CPU.ActiveCfg = Release|Any CPU
		{9313CBE0-56E5-4229-B691-7F886CD2F66B}.Release|Any CPU.Build.0 = Release|Any CPU
	EndGlobalSection
	GlobalSection(SolutionProperties) = preSolution
		HideSolutionNode = FALSE
	EndGlobalSection
	GlobalSection(ExtensibilityGlobals) = postSolution
		SolutionGuid = {0779DF88-AAA7-452F-97FA-42AD0A41ECA8}
	EndGlobalSection
EndGlobal
